
Microsoft Visual Studio Solution File, Format Version 12.00
# Visual Studio Version 17
VisualStudioVersion = 17.12.35521.163
MinimumVisualStudioVersion = 10.0.40219.1
Project("{FAE04EC0-301F-11D3-BF4B-00C04F79EFBC}") = "NAIMS2.Operator", "NAIMS2.Operator\NAIMS2.Operator.csproj", "{539A7D3C-E987-46DA-BC67-5C0B54EE327D}"
EndProject
Project("{FAE04EC0-301F-11D3-BF4B-00C04F79EFBC}") = "NAIMS2.Common", "NAIMS2.Common\NAIMS2.Common.csproj", "{7DB62AC9-FFA5-481B-B60A-7330C15759D3}"
EndProject
Project("{2150E333-8FDC-42A3-9474-1A3956D46DE8}") = "솔루션 항목", "솔루션 항목", "{94F3563D-E16A-4FE4-922A-3D9A45A8B76D}"
EndProject
Project("{FAE04EC0-301F-11D3-BF4B-00C04F79EFBC}") = "NAIMS2.Chat", "NAIMS2.Chat\NAIMS2.Chat.csproj", "{E0C448CE-B8E2-4B73-9BA0-84D83D91B231}"
EndProject
Project("{FAE04EC0-301F-11D3-BF4B-00C04F79EFBC}") = "NAIMS2.FileTransfer", "NAIMS2.FileTransfer\NAIMS2.FileTransfer.csproj", "{C782D127-2CB0-4466-809D-8216CE0F8FFE}"
EndProject
Project("{FAE04EC0-301F-11D3-BF4B-00C04F79EFBC}") = "NAIMS2.DataManager", "NAIMS2.DataManager\NAIMS2.DataManager.csproj", "{F3B3AA2C-7E73-419C-B410-107349218D73}"
EndProject
Global
	GlobalSection(SolutionConfigurationPlatforms) = preSolution
		Debug|Any CPU = Debug|Any CPU
		Release|Any CPU = Release|Any CPU
	EndGlobalSection
	GlobalSection(ProjectConfigurationPlatforms) = postSolution
		{539A7D3C-E987-46DA-BC67-5C0B54EE327D}.Debug|Any CPU.ActiveCfg = Debug|Any CPU
		{539A7D3C-E987-46DA-BC67-5C0B54EE327D}.Debug|Any CPU.Build.0 = Debug|Any CPU
		{539A7D3C-E987-46DA-BC67-5C0B54EE327D}.Release|Any CPU.ActiveCfg = Release|Any CPU
		{539A7D3C-E987-46DA-BC67-5C0B54EE327D}.Release|Any CPU.Build.0 = Release|Any CPU
		{7DB62AC9-FFA5-481B-B60A-7330C15759D3}.Debug|Any CPU.ActiveCfg = Debug|Any CPU
		{7DB62AC9-FFA5-481B-B60A-7330C15759D3}.Debug|Any CPU.Build.0 = Debug|Any CPU
		{7DB62AC9-FFA5-481B-B60A-7330C15759D3}.Release|Any CPU.ActiveCfg = Release|Any CPU
		{7DB62AC9-FFA5-481B-B60A-7330C15759D3}.Release|Any CPU.Build.0 = Release|Any CPU
		{E0C448CE-B8E2-4B73-9BA0-84D83D91B231}.Debug|Any CPU.ActiveCfg = Debug|Any CPU
		{E0C448CE-B8E2-4B73-9BA0-84D83D91B231}.Release|Any CPU.ActiveCfg = Release|Any CPU
		{E0C448CE-B8E2-4B73-9BA0-84D83D91B231}.Release|Any CPU.Build.0 = Release|Any CPU
		{C782D127-2CB0-4466-809D-8216CE0F8FFE}.Debug|Any CPU.ActiveCfg = Debug|Any CPU
		{C782D127-2CB0-4466-809D-8216CE0F8FFE}.Release|Any CPU.ActiveCfg = Release|Any CPU
		{C782D127-2CB0-4466-809D-8216CE0F8FFE}.Release|Any CPU.Build.0 = Release|Any CPU
		{F3B3AA2C-7E73-419C-B410-107349218D73}.Debug|Any CPU.ActiveCfg = Debug|Any CPU
		{F3B3AA2C-7E73-419C-B410-107349218D73}.Debug|Any CPU.Build.0 = Debug|Any CPU
		{F3B3AA2C-7E73-419C-B410-107349218D73}.Release|Any CPU.ActiveCfg = Release|Any CPU
		{F3B3AA2C-7E73-419C-B410-107349218D73}.Release|Any CPU.Build.0 = Release|Any CPU
	EndGlobalSection
	GlobalSection(SolutionProperties) = preSolution
		HideSolutionNode = FALSE
	EndGlobalSection
EndGlobal
